
Microsoft Visual Studio Solution File, Format Version 12.00
# Visual Studio 15
VisualStudioVersion = 15.0.28307.1831
MinimumVisualStudioVersion = 10.0.40219.1
Project("{FAE04EC0-301F-11D3-BF4B-00C04F79EFBC}") = "Avioane", "Avioane\Avioane.csproj", "{DA9CBF8B-E04F-4295-8DE8-5BCA2DDE8C84}"
EndProject
Global
	GlobalSection(SolutionConfigurationPlatforms) = preSolution
		Debug|Any CPU = Debug|Any CPU
		Release|Any CPU = Release|Any CPU
	EndGlobalSection
	GlobalSection(ProjectConfigurationPlatforms) = postSolution
		{DA9CBF8B-E04F-4295-8DE8-5BCA2DDE8C84}.Debug|Any CPU.ActiveCfg = Debug|Any CPU
		{DA9CBF8B-E04F-4295-8DE8-5BCA2DDE8C84}.Debug|Any CPU.Build.0 = Debug|Any CPU
		{DA9CBF8B-E04F-4295-8DE8-5BCA2DDE8C84}.Release|Any CPU.ActiveCfg = Release|Any CPU
		{DA9CBF8B-E04F-4295-8DE8-5BCA2DDE8C84}.Release|Any CPU.Build.0 = Release|Any CPU
	EndGlobalSection
	GlobalSection(SolutionProperties) = preSolution
		HideSolutionNode = FALSE
	EndGlobalSection
	GlobalSection(ExtensibilityGlobals) = postSolution
		SolutionGuid = {483986A3-09C4-494B-90C0-386B1F76977C}
	EndGlobalSection
EndGlobal
