
Microsoft Visual Studio Solution File, Format Version 12.00
# Visual Studio 15
VisualStudioVersion = 15.0.34112.143
MinimumVisualStudioVersion = 10.0.40219.1
Project("{FAE04EC0-301F-11D3-BF4B-00C04F79EFBC}") = "WindowsFormsApp4", "WindowsFormsApp4\WindowsFormsApp4.csproj", "{19704F28-B6C0-42D9-84AD-BAADAB5973DC}"
EndProject
Global
	GlobalSection(SolutionConfigurationPlatforms) = preSolution
		Debug|Any CPU = Debug|Any CPU
		Release|Any CPU = Release|Any CPU
	EndGlobalSection
	GlobalSection(ProjectConfigurationPlatforms) = postSolution
		{19704F28-B6C0-42D9-84AD-BAADAB5973DC}.Debug|Any CPU.ActiveCfg = Debug|Any CPU
		{19704F28-B6C0-42D9-84AD-BAADAB5973DC}.Debug|Any CPU.Build.0 = Debug|Any CPU
		{19704F28-B6C0-42D9-84AD-BAADAB5973DC}.Release|Any CPU.ActiveCfg = Release|Any CPU
		{19704F28-B6C0-42D9-84AD-BAADAB5973DC}.Release|Any CPU.Build.0 = Release|Any CPU
	EndGlobalSection
	GlobalSection(SolutionProperties) = preSolution
		HideSolutionNode = FALSE
	EndGlobalSection
	GlobalSection(ExtensibilityGlobals) = postSolution
		SolutionGuid = {E4E0BC46-4C98-4498-B294-E2F7967E57BA}
	EndGlobalSection
EndGlobal
